// !$*UTF8*$!
{
	archiveVersion = 1;
	classes = {
	};
	objectVersion = 46;
	objects = {

/* Begin PBXBuildFile section */
		CB69364C1A30CD440095B48C /* AppDelegate.swift in Sources */ = {isa = PBXBuildFile; fileRef = CB69364B1A30CD440095B48C /* AppDelegate.swift */; };
		CB69364E1A30CD440095B48C /* MainViewController.swift in Sources */ = {isa = PBXBuildFile; fileRef = CB69364D1A30CD440095B48C /* MainViewController.swift */; };
		CB6936531A30CD440095B48C /* Images.xcassets in Resources */ = {isa = PBXBuildFile; fileRef = CB6936521A30CD440095B48C /* Images.xcassets */; };
		CB6936561A30CD440095B48C /* LaunchScreen.xib in Resources */ = {isa = PBXBuildFile; fileRef = CB6936541A30CD440095B48C /* LaunchScreen.xib */; };
		CB6936621A30CD440095B48C /* BaseSwiftApplicationTests.swift in Sources */ = {isa = PBXBuildFile; fileRef = CB6936611A30CD440095B48C /* BaseSwiftApplicationTests.swift */; };
/* End PBXBuildFile section */

/* Begin PBXContainerItemProxy section */
		CB69365C1A30CD440095B48C /* PBXContainerItemProxy */ = {
			isa = PBXContainerItemProxy;
			containerPortal = CB69363E1A30CD440095B48C /* Project object */;
			proxyType = 1;
			remoteGlobalIDString = CB6936451A30CD440095B48C;
			remoteInfo = BaseSwiftApplication;
		};
/* End PBXContainerItemProxy section */

/* Begin PBXFileReference section */
		CB6936461A30CD440095B48C /* BaseSwiftApplication.app */ = {isa = PBXFileReference; explicitFileType = wrapper.application; includeInIndex = 0; path = BaseSwiftApplication.app; sourceTree = BUILT_PRODUCTS_DIR; };
		CB69364A1A30CD440095B48C /* Info.plist */ = {isa = PBXFileReference; lastKnownFileType = text.plist.xml; path = Info.plist; sourceTree = "<group>"; };
		CB69364B1A30CD440095B48C /* AppDelegate.swift */ = {isa = PBXFileReference; lastKnownFileType = sourcecode.swift; path = AppDelegate.swift; sourceTree = "<group>"; };
		CB69364D1A30CD440095B48C /* MainViewController.swift */ = {isa = PBXFileReference; lastKnownFileType = sourcecode.swift; path = MainViewController.swift; sourceTree = "<group>"; };
		CB6936521A30CD440095B48C /* Images.xcassets */ = {isa = PBXFileReference; lastKnownFileType = folder.assetcatalog; path = Images.xcassets; sourceTree = "<group>"; };
		CB6936551A30CD440095B48C /* Base */ = {isa = PBXFileReference; lastKnownFileType = file.xib; name = Base; path = Base.lproj/LaunchScreen.xib; sourceTree = "<group>"; };
		CB69365B1A30CD440095B48C /* BaseSwiftApplicationTests.xctest */ = {isa = PBXFileReference; explicitFileType = wrapper.cfbundle; includeInIndex = 0; path = BaseSwiftApplicationTests.xctest; sourceTree = BUILT_PRODUCTS_DIR; };
		CB6936601A30CD440095B48C /* Info.plist */ = {isa = PBXFileReference; lastKnownFileType = text.plist.xml; path = Info.plist; sourceTree = "<group>"; };
		CB6936611A30CD440095B48C /* BaseSwiftApplicationTests.swift */ = {isa = PBXFileReference; lastKnownFileType = sourcecode.swift; path = BaseSwiftApplicationTests.swift; sourceTree = "<group>"; };
/* End PBXFileReference section */

/* Begin PBXFrameworksBuildPhase section */
		CB6936431A30CD440095B48C /* Frameworks */ = {
			isa = PBXFrameworksBuildPhase;
			buildActionMask = 2147483647;
			files = (
			);
			runOnlyForDeploymentPostprocessing = 0;
		};
		CB6936581A30CD440095B48C /* Frameworks */ = {
			isa = PBXFrameworksBuildPhase;
			buildActionMask = 2147483647;
			files = (
			);
			runOnlyForDeploymentPostprocessing = 0;
		};
/* End PBXFrameworksBuildPhase section */

/* Begin PBXGroup section */
		CB69363D1A30CD440095B48C = {
			isa = PBXGroup;
			children = (
				CB6936481A30CD440095B48C /* BaseSwiftApplication */,
				CB69365E1A30CD440095B48C /* BaseSwiftApplicationTests */,
				CB6936471A30CD440095B48C /* Products */,
			);
			sourceTree = "<group>";
		};
		CB6936471A30CD440095B48C /* Products */ = {
			isa = PBXGroup;
			children = (
				CB6936461A30CD440095B48C /* BaseSwiftApplication.app */,
				CB69365B1A30CD440095B48C /* BaseSwiftApplicationTests.xctest */,
			);
			name = Products;
			sourceTree = "<group>";
		};
		CB6936481A30CD440095B48C /* BaseSwiftApplication */ = {
			isa = PBXGroup;
			children = (
				CB69364B1A30CD440095B48C /* AppDelegate.swift */,
				CB69364D1A30CD440095B48C /* MainViewController.swift */,
				CB6936521A30CD440095B48C /* Images.xcassets */,
				CB6936541A30CD440095B48C /* LaunchScreen.xib */,
				CB6936491A30CD440095B48C /* Supporting Files */,
			);
			path = BaseSwiftApplication;
			sourceTree = "<group>";
		};
		CB6936491A30CD440095B48C /* Supporting Files */ = {
			isa = PBXGroup;
			children = (
				CB69364A1A30CD440095B48C /* Info.plist */,
			);
			name = "Supporting Files";
			sourceTree = "<group>";
		};
		CB69365E1A30CD440095B48C /* BaseSwiftApplicationTests */ = {
			isa = PBXGroup;
			children = (
				CB6936611A30CD440095B48C /* BaseSwiftApplicationTests.swift */,
				CB69365F1A30CD440095B48C /* Supporting Files */,
			);
			path = BaseSwiftApplicationTests;
			sourceTree = "<group>";
		};
		CB69365F1A30CD440095B48C /* Supporting Files */ = {
			isa = PBXGroup;
			children = (
				CB6936601A30CD440095B48C /* Info.plist */,
			);
			name = "Supporting Files";
			sourceTree = "<group>";
		};
/* End PBXGroup section */

/* Begin PBXNativeTarget section */
		CB6936451A30CD440095B48C /* BaseSwiftApplication */ = {
			isa = PBXNativeTarget;
			buildConfigurationList = CB6936651A30CD440095B48C /* Build configuration list for PBXNativeTarget "BaseSwiftApplication" */;
			buildPhases = (
				CB6936421A30CD440095B48C /* Sources */,
				CB6936431A30CD440095B48C /* Frameworks */,
				CB6936441A30CD440095B48C /* Resources */,
			);
			buildRules = (
			);
			dependencies = (
			);
			name = BaseSwiftApplication;
			productName = BaseSwiftApplication;
			productReference = CB6936461A30CD440095B48C /* BaseSwiftApplication.app */;
			productType = "com.apple.product-type.application";
		};
		CB69365A1A30CD440095B48C /* BaseSwiftApplicationTests */ = {
			isa = PBXNativeTarget;
			buildConfigurationList = CB6936681A30CD440095B48C /* Build configuration list for PBXNativeTarget "BaseSwiftApplicationTests" */;
			buildPhases = (
				CB6936571A30CD440095B48C /* Sources */,
				CB6936581A30CD440095B48C /* Frameworks */,
				CB6936591A30CD440095B48C /* Resources */,
			);
			buildRules = (
			);
			dependencies = (
				CB69365D1A30CD440095B48C /* PBXTargetDependency */,
			);
			name = BaseSwiftApplicationTests;
			productName = BaseSwiftApplicationTests;
			productReference = CB69365B1A30CD440095B48C /* BaseSwiftApplicationTests.xctest */;
			productType = "com.apple.product-type.bundle.unit-test";
		};
/* End PBXNativeTarget section */

/* Begin PBXProject section */
		CB69363E1A30CD440095B48C /* Project object */ = {
			isa = PBXProject;
			attributes = {
				LastUpgradeCheck = 0610;
				ORGANIZATIONNAME = "Ryan Ploetz";
				TargetAttributes = {
					CB6936451A30CD440095B48C = {
						CreatedOnToolsVersion = 6.1;
					};
					CB69365A1A30CD440095B48C = {
						CreatedOnToolsVersion = 6.1;
						TestTargetID = CB6936451A30CD440095B48C;
					};
				};
			};
			buildConfigurationList = CB6936411A30CD440095B48C /* Build configuration list for PBXProject "BaseSwiftApplication" */;
			compatibilityVersion = "Xcode 3.2";
			developmentRegion = English;
			hasScannedForEncodings = 0;
			knownRegions = (
				en,
				Base,
			);
			mainGroup = CB69363D1A30CD440095B48C;
			productRefGroup = CB6936471A30CD440095B48C /* Products */;
			projectDirPath = "";
			projectRoot = "";
			targets = (
				CB6936451A30CD440095B48C /* BaseSwiftApplication */,
				CB69365A1A30CD440095B48C /* BaseSwiftApplicationTests */,
			);
		};
/* End PBXProject section */

/* Begin PBXResourcesBuildPhase section */
		CB6936441A30CD440095B48C /* Resources */ = {
			isa = PBXResourcesBuildPhase;
			buildActionMask = 2147483647;
			files = (
				CB6936561A30CD440095B48C /* LaunchScreen.xib in Resources */,
				CB6936531A30CD440095B48C /* Images.xcassets in Resources */,
			);
			runOnlyForDeploymentPostprocessing = 0;
		};
		CB6936591A30CD440095B48C /* Resources */ = {
			isa = PBXResourcesBuildPhase;
			buildActionMask = 2147483647;
			files = (
			);
			runOnlyForDeploymentPostprocessing = 0;
		};
/* End PBXResourcesBuildPhase section */

/* Begin PBXSourcesBuildPhase section */
		CB6936421A30CD440095B48C /* Sources */ = {
			isa = PBXSourcesBuildPhase;
			buildActionMask = 2147483647;
			files = (
				CB69364E1A30CD440095B48C /* MainViewController.swift in Sources */,
				CB69364C1A30CD440095B48C /* AppDelegate.swift in Sources */,
			);
			runOnlyForDeploymentPostprocessing = 0;
		};
		CB6936571A30CD440095B48C /* Sources */ = {
			isa = PBXSourcesBuildPhase;
			buildActionMask = 2147483647;
			files = (
				CB6936621A30CD440095B48C /* BaseSwiftApplicationTests.swift in Sources */,
			);
			runOnlyForDeploymentPostprocessing = 0;
		};
/* End PBXSourcesBuildPhase section */

/* Begin PBXTargetDependency section */
		CB69365D1A30CD440095B48C /* PBXTargetDependency */ = {
			isa = PBXTargetDependency;
			target = CB6936451A30CD440095B48C /* BaseSwiftApplication */;
			targetProxy = CB69365C1A30CD440095B48C /* PBXContainerItemProxy */;
		};
/* End PBXTargetDependency section */

/* Begin PBXVariantGroup section */
		CB6936541A30CD440095B48C /* LaunchScreen.xib */ = {
			isa = PBXVariantGroup;
			children = (
				CB6936551A30CD440095B48C /* Base */,
			);
			name = LaunchScreen.xib;
			sourceTree = "<group>";
		};
/* End PBXVariantGroup section */

/* Begin XCBuildConfiguration section */
		CB6936631A30CD440095B48C /* Debug */ = {
			isa = XCBuildConfiguration;
			buildSettings = {
				ALWAYS_SEARCH_USER_PATHS = NO;
				CLANG_CXX_LANGUAGE_STANDARD = "gnu++0x";
				CLANG_CXX_LIBRARY = "libc++";
				CLANG_ENABLE_MODULES = YES;
				CLANG_ENABLE_OBJC_ARC = YES;
				CLANG_WARN_BOOL_CONVERSION = YES;
				CLANG_WARN_CONSTANT_CONVERSION = YES;
				CLANG_WARN_DIRECT_OBJC_ISA_USAGE = YES_ERROR;
				CLANG_WARN_EMPTY_BODY = YES;
				CLANG_WARN_ENUM_CONVERSION = YES;
				CLANG_WARN_INT_CONVERSION = YES;
				CLANG_WARN_OBJC_ROOT_CLASS = YES_ERROR;
				CLANG_WARN_UNREACHABLE_CODE = YES;
				CLANG_WARN__DUPLICATE_METHOD_MATCH = YES;
				"CODE_SIGN_IDENTITY[sdk=iphoneos*]" = "iPhone Developer";
				COPY_PHASE_STRIP = NO;
				ENABLE_STRICT_OBJC_MSGSEND = YES;
				GCC_C_LANGUAGE_STANDARD = gnu99;
				GCC_DYNAMIC_NO_PIC = NO;
				GCC_OPTIMIZATION_LEVEL = 0;
				GCC_PREPROCESSOR_DEFINITIONS = (
					"DEBUG=1",
					"$(inherited)",
				);
				GCC_SYMBOLS_PRIVATE_EXTERN = NO;
				GCC_WARN_64_TO_32_BIT_CONVERSION = YES;
				GCC_WARN_ABOUT_RETURN_TYPE = YES_ERROR;
				GCC_WARN_UNDECLARED_SELECTOR = YES;
				GCC_WARN_UNINITIALIZED_AUTOS = YES_AGGRESSIVE;
				GCC_WARN_UNUSED_FUNCTION = YES;
				GCC_WARN_UNUSED_VARIABLE = YES;
				IPHONEOS_DEPLOYMENT_TARGET = 8.1;
				MTL_ENABLE_DEBUG_INFO = YES;
				ONLY_ACTIVE_ARCH = YES;
				SDKROOT = iphoneos;
				SWIFT_OPTIMIZATION_LEVEL = "-Onone";
			};
			name = Debug;
		};
		CB6936641A30CD440095B48C /* Release */ = {
			isa = XCBuildConfiguration;
			buildSettings = {
				ALWAYS_SEARCH_USER_PATHS = NO;
				CLANG_CXX_LANGUAGE_STANDARD = "gnu++0x";
				CLANG_CXX_LIBRARY = "libc++";
				CLANG_ENABLE_MODULES = YES;
				CLANG_ENABLE_OBJC_ARC = YES;
				CLANG_WARN_BOOL_CONVERSION = YES;
				CLANG_WARN_CONSTANT_CONVERSION = YES;
				CLANG_WARN_DIRECT_OBJC_ISA_USAGE = YES_ERROR;
				CLANG_WARN_EMPTY_BODY = YES;
				CLANG_WARN_ENUM_CONVERSION = YES;
				CLANG_WARN_INT_CONVERSION = YES;
				CLANG_WARN_OBJC_ROOT_CLASS = YES_ERROR;
				CLANG_WARN_UNREACHABLE_CODE = YES;
				CLANG_WARN__DUPLICATE_METHOD_MATCH = YES;
				"CODE_SIGN_IDENTITY[sdk=iphoneos*]" = "iPhone Developer";
				COPY_PHASE_STRIP = YES;
				ENABLE_NS_ASSERTIONS = NO;
				ENABLE_STRICT_OBJC_MSGSEND = YES;
				GCC_C_LANGUAGE_STANDARD = gnu99;
				GCC_WARN_64_TO_32_BIT_CONVERSION = YES;
				GCC_WARN_ABOUT_RETURN_TYPE = YES_ERROR;
				GCC_WARN_UNDECLARED_SELECTOR = YES;
				GCC_WARN_UNINITIALIZED_AUTOS = YES_AGGRESSIVE;
				GCC_WARN_UNUSED_FUNCTION = YES;
				GCC_WARN_UNUSED_VARIABLE = YES;
				IPHONEOS_DEPLOYMENT_TARGET = 8.1;
				MTL_ENABLE_DEBUG_INFO = NO;
				SDKROOT = iphoneos;
				VALIDATE_PRODUCT = YES;
			};
			name = Release;
		};
		CB6936661A30CD440095B48C /* Debug */ = {
			isa = XCBuildConfiguration;
			buildSettings = {
				ASSETCATALOG_COMPILER_APPICON_NAME = AppIcon;
				INFOPLIST_FILE = BaseSwiftApplication/Info.plist;
				LD_RUNPATH_SEARCH_PATHS = "$(inherited) @executable_path/Frameworks";
				PRODUCT_NAME = "$(TARGET_NAME)";
			};
			name = Debug;
		};
		CB6936671A30CD440095B48C /* Release */ = {
			isa = XCBuildConfiguration;
			buildSettings = {
				ASSETCATALOG_COMPILER_APPICON_NAME = AppIcon;
				INFOPLIST_FILE = BaseSwiftApplication/Info.plist;
				LD_RUNPATH_SEARCH_PATHS = "$(inherited) @executable_path/Frameworks";
				PRODUCT_NAME = "$(TARGET_NAME)";
			};
			name = Release;
		};
		CB6936691A30CD440095B48C /* Debug */ = {
			isa = XCBuildConfiguration;
			buildSettings = {
				BUNDLE_LOADER = "$(TEST_HOST)";
				FRAMEWORK_SEARCH_PATHS = (
					"$(SDKROOT)/Developer/Library/Frameworks",
					"$(inherited)",
				);
				GCC_PREPROCESSOR_DEFINITIONS = (
					"DEBUG=1",
					"$(inherited)",
				);
				INFOPLIST_FILE = BaseSwiftApplicationTests/Info.plist;
				LD_RUNPATH_SEARCH_PATHS = "$(inherited) @executable_path/Frameworks @loader_path/Frameworks";
				PRODUCT_NAME = "$(TARGET_NAME)";
				TEST_HOST = "$(BUILT_PRODUCTS_DIR)/BaseSwiftApplication.app/BaseSwiftApplication";
			};
			name = Debug;
		};
		CB69366A1A30CD440095B48C /* Release */ = {
			isa = XCBuildConfiguration;
			buildSettings = {
				BUNDLE_LOADER = "$(TEST_HOST)";
				FRAMEWORK_SEARCH_PATHS = (
					"$(SDKROOT)/Developer/Library/Frameworks",
					"$(inherited)",
				);
				INFOPLIST_FILE = BaseSwiftApplicationTests/Info.plist;
				LD_RUNPATH_SEARCH_PATHS = "$(inherited) @executable_path/Frameworks @loader_path/Frameworks";
				PRODUCT_NAME = "$(TARGET_NAME)";
				TEST_HOST = "$(BUILT_PRODUCTS_DIR)/BaseSwiftApplication.app/BaseSwiftApplication";
			};
			name = Release;
		};
/* End XCBuildConfiguration section */

/* Begin XCConfigurationList section */
		CB6936411A30CD440095B48C /* Build configuration list for PBXProject "BaseSwiftApplication" */ = {
			isa = XCConfigurationList;
			buildConfigurations = (
				CB6936631A30CD440095B48C /* Debug */,
				CB6936641A30CD440095B48C /* Release */,
			);
			defaultConfigurationIsVisible = 0;
			defaultConfigurationName = Release;
		};
		CB6936651A30CD440095B48C /* Build configuration list for PBXNativeTarget "BaseSwiftApplication" */ = {
			isa = XCConfigurationList;
			buildConfigurations = (
				CB6936661A30CD440095B48C /* Debug */,
				CB6936671A30CD440095B48C /* Release */,
			);
			defaultConfigurationIsVisible = 0;
		};
		CB6936681A30CD440095B48C /* Build configuration list for PBXNativeTarget "BaseSwiftApplicationTests" */ = {
			isa = XCConfigurationList;
			buildConfigurations = (
				CB6936691A30CD440095B48C /* Debug */,
				CB69366A1A30CD440095B48C /* Release */,
			);
			defaultConfigurationIsVisible = 0;
		};
/* End XCConfigurationList section */
	};
	rootObject = CB69363E1A30CD440095B48C /* Project object */;
}
